
Microsoft Visual Studio Solution File, Format Version 11.00
# Visual Studio 2010
Project("{FAE04EC0-301F-11D3-BF4B-00C04F79EFBC}") = "ConnectionMap", "ConnectionMap.csproj", "{D14C6AFA-71B3-451F-B4B2-91F37E6D6608}"
EndProject
Global
	GlobalSection(SolutionConfigurationPlatforms) = preSolution
		Debug|x86 = Debug|x86
		Release|x86 = Release|x86
	EndGlobalSection
	GlobalSection(ProjectConfigurationPlatforms) = postSolution
		{D14C6AFA-71B3-451F-B4B2-91F37E6D6608}.Debug|x86.ActiveCfg = Debug|x86
		{D14C6AFA-71B3-451F-B4B2-91F37E6D6608}.Debug|x86.Build.0 = Debug|x86
		{D14C6AFA-71B3-451F-B4B2-91F37E6D6608}.Release|x86.ActiveCfg = Release|x86
		{D14C6AFA-71B3-451F-B4B2-91F37E6D6608}.Release|x86.Build.0 = Release|x86
	EndGlobalSection
EndGlobal
